
Microsoft Visual Studio Solution File, Format Version 12.00
# Visual Studio 15
VisualStudioVersion = 15.0.27130.2036
MinimumVisualStudioVersion = 10.0.40219.1
Project("{FAE04EC0-301F-11D3-BF4B-00C04F79EFBC}") = "program1", "..\homework5\program1\program1.csproj", "{70224D72-0DA3-41B3-BCB3-BBFA513730AD}"
EndProject
Project("{FAE04EC0-301F-11D3-BF4B-00C04F79EFBC}") = "program2", "program2\program2.csproj", "{9F2A6A48-6779-40D5-8197-47D28805D4A2}"
EndProject
Global
	GlobalSection(SolutionConfigurationPlatforms) = preSolution
		Debug|Any CPU = Debug|Any CPU
		Release|Any CPU = Release|Any CPU
	EndGlobalSection
	GlobalSection(ProjectConfigurationPlatforms) = postSolution
		{70224D72-0DA3-41B3-BCB3-BBFA513730AD}.Debug|Any CPU.ActiveCfg = Debug|Any CPU
		{70224D72-0DA3-41B3-BCB3-BBFA513730AD}.Debug|Any CPU.Build.0 = Debug|Any CPU
		{70224D72-0DA3-41B3-BCB3-BBFA513730AD}.Release|Any CPU.ActiveCfg = Release|Any CPU
		{70224D72-0DA3-41B3-BCB3-BBFA513730AD}.Release|Any CPU.Build.0 = Release|Any CPU
		{9F2A6A48-6779-40D5-8197-47D28805D4A2}.Debug|Any CPU.ActiveCfg = Debug|Any CPU
		{9F2A6A48-6779-40D5-8197-47D28805D4A2}.Debug|Any CPU.Build.0 = Debug|Any CPU
		{9F2A6A48-6779-40D5-8197-47D28805D4A2}.Release|Any CPU.ActiveCfg = Release|Any CPU
		{9F2A6A48-6779-40D5-8197-47D28805D4A2}.Release|Any CPU.Build.0 = Release|Any CPU
	EndGlobalSection
	GlobalSection(SolutionProperties) = preSolution
		HideSolutionNode = FALSE
	EndGlobalSection
	GlobalSection(ExtensibilityGlobals) = postSolution
		SolutionGuid = {9F7EDC9F-E568-4967-B2ED-074218B09E5A}
	EndGlobalSection
EndGlobal
